{
  "nodes": {
    "emacs-overlay": {
      "inputs": {
        "flake-utils": "flake-utils",
        "nixpkgs": "nixpkgs"
      },
      "locked": {
        "lastModified": 1664620675,
        "narHash": "sha256-gM+I6bVR90Lwz1srnzPcXmnjxMr/+mX+x8UKNFGyIUM=",
        "owner": "nix-community",
        "repo": "emacs-overlay",
        "rev": "9e18e2e8a995b88159e36dfd10ceca902a756225",
        "type": "github"
      },
      "original": {
        "id": "emacs-overlay",
        "type": "indirect"
      }
    },
    "flake-utils": {
      "locked": {
        "lastModified": 1659877975,
        "narHash": "sha256-zllb8aq3YO3h8B/U0/J1WBgAL8EX5yWf5pMj3G0NAmc=",
        "owner": "numtide",
        "repo": "flake-utils",
        "rev": "c0e246b9b83f637f4681389ecabcb2681b4f3af0",
        "type": "github"
      },
      "original": {
        "owner": "numtide",
        "repo": "flake-utils",
        "type": "github"
      }
    },
    "home-manager": {
      "inputs": {
        "nixpkgs": [
          "nixpkgs"
        ],
        "utils": "utils"
      },
      "locked": {
        "lastModified": 1664573442,
        "narHash": "sha256-AovlSIuJfMf8n9QLNUVtsCul+NVHIoen7APH2fLls3k=",
        "owner": "nix-community",
        "repo": "home-manager",
        "rev": "a7f0cc2d7b271b4a5df9b9e351d556c172f7e903",
        "type": "github"
      },
      "original": {
        "id": "home-manager",
        "type": "indirect"
      }
    },
    "kmonad": {
      "inputs": {
        "nixpkgs": [
          "nixpkgs"
        ]
      },
      "locked": {
        "dir": "nix",
        "lastModified": 1663565216,
        "narHash": "sha256-S6m7utTGclQL93YtX2KWK8qaaaBDNs6UYxrBsz1w9s0=",
        "owner": "kmonad",
        "repo": "kmonad",
        "rev": "cbdace2bb7b27e47c2397e662265a28a1030b7c7",
        "type": "github"
      },
      "original": {
        "dir": "nix",
        "owner": "kmonad",
        "repo": "kmonad",
        "type": "github"
      }
    },
    "nixos-hardware": {
      "locked": {
        "lastModified": 1664452918,
        "narHash": "sha256-SfnQ2t5b9RTSIqO3PQBDlwrWn4l3t0F65sZtCKTl8eA=",
        "owner": "NixOS",
        "repo": "nixos-hardware",
        "rev": "12f905b731494bc59010f05a7467df8abdcf8d63",
        "type": "github"
      },
      "original": {
        "owner": "NixOS",
        "ref": "master",
        "repo": "nixos-hardware",
        "type": "github"
      }
    },
    "nixpkgs": {
      "locked": {
        "lastModified": 1664525607,
        "narHash": "sha256-yb1HvHGcf05HrzX6KK4HTfNhF/lvCwFnd7cBaGg7roE=",
        "owner": "NixOS",
        "repo": "nixpkgs",
        "rev": "c6b3881520feb0c837cf5ae16d95d32277f41f60",
        "type": "github"
      },
      "original": {
        "id": "nixpkgs",
        "type": "indirect"
      }
    },
    "nixpkgs_2": {
      "locked": {
        "lastModified": 1664525607,
        "narHash": "sha256-yb1HvHGcf05HrzX6KK4HTfNhF/lvCwFnd7cBaGg7roE=",
        "owner": "NixOS",
        "repo": "nixpkgs",
        "rev": "c6b3881520feb0c837cf5ae16d95d32277f41f60",
        "type": "github"
      },
      "original": {
        "id": "nixpkgs",
        "type": "indirect"
      }
    },
    "root": {
      "inputs": {
        "emacs-overlay": "emacs-overlay",
        "home-manager": "home-manager",
        "kmonad": "kmonad",
        "nixos-hardware": "nixos-hardware",
        "nixpkgs": "nixpkgs_2"
      }
    },
    "utils": {
      "locked": {
        "lastModified": 1659877975,
        "narHash": "sha256-zllb8aq3YO3h8B/U0/J1WBgAL8EX5yWf5pMj3G0NAmc=",
        "owner": "numtide",
        "repo": "flake-utils",
        "rev": "c0e246b9b83f637f4681389ecabcb2681b4f3af0",
        "type": "github"
      },
      "original": {
        "owner": "numtide",
        "repo": "flake-utils",
        "type": "github"
      }
    }
  },
  "root": "root",
  "version": 7
}
